<?xml version="1.0" encoding="utf-8"?>
<Project ToolsVersion="16.0" xmlns="http://schemas.microsoft.com/developer/msbuild/2003">
  <ItemGroup>
    <ClCompile Include="..\..\..\..\src\osgEarthDrivers\gltf\ReaderWriterGLTF.cpp">
      <Filter>Source Files</Filter>
    </ClCompile>
  </ItemGroup>
  <ItemGroup>
    <ClInclude Include="..\..\..\..\src\osgEarthDrivers\gltf\GLTFReader.h">
      <Filter>Header Files</Filter>
    </ClInclude>
    <ClInclude Include="..\..\..\..\src\osgEarthDrivers\gltf\GLTFWriter.h">
      <Filter>Header Files</Filter>
    </ClInclude>
    <ClInclude Include="..\..\..\..\src\osgEarthDrivers\gltf\B3DMReader.h">
      <Filter>Header Files</Filter>
    </ClInclude>
    <ClInclude Include="..\..\..\..\src\osgEarthDrivers\gltf\B3DMWriter.h">
      <Filter>Header Files</Filter>
    </ClInclude>
  </ItemGroup>
  <ItemGroup>
    <Filter Include="Header Files">
      <UniqueIdentifier>{0D23D6E3-B3EB-3FED-BE78-3713EAF54401}</UniqueIdentifier>
    </Filter>
    <Filter Include="Source Files">
      <UniqueIdentifier>{01C6B824-E7F4-315D-8BD1-3111141B0539}</UniqueIdentifier>
    </Filter>
  </ItemGroup>
</Project>