<?xml version="1.0" encoding="utf-8"?>
<Project ToolsVersion="16.0" xmlns="http://schemas.microsoft.com/developer/msbuild/2003">
  <ItemGroup>
    <ClCompile Include="..\..\..\..\src\applications\osgearth_heatmap\osgearth_heatmap.cpp">
      <Filter>Source Files</Filter>
    </ClCompile>
    <ClCompile Include="..\..\..\..\src\applications\osgearth_heatmap\heatmap.c">
      <Filter>Source Files</Filter>
    </ClCompile>
    <ClCompile Include="..\..\..\..\src\applications\osgearth_heatmap\colorschemes\Blues.c">
      <Filter>Source Files</Filter>
    </ClCompile>
    <ClCompile Include="..\..\..\..\src\applications\osgearth_heatmap\colorschemes\BrBG.c">
      <Filter>Source Files</Filter>
    </ClCompile>
    <ClCompile Include="..\..\..\..\src\applications\osgearth_heatmap\colorschemes\BuGn.c">
      <Filter>Source Files</Filter>
    </ClCompile>
    <ClCompile Include="..\..\..\..\src\applications\osgearth_heatmap\colorschemes\BuPu.c">
      <Filter>Source Files</Filter>
    </ClCompile>
    <ClCompile Include="..\..\..\..\src\applications\osgearth_heatmap\colorschemes\GnBu.c">
      <Filter>Source Files</Filter>
    </ClCompile>
    <ClCompile Include="..\..\..\..\src\applications\osgearth_heatmap\colorschemes\gray.c">
      <Filter>Source Files</Filter>
    </ClCompile>
    <ClCompile Include="..\..\..\..\src\applications\osgearth_heatmap\colorschemes\Greens.c">
      <Filter>Source Files</Filter>
    </ClCompile>
    <ClCompile Include="..\..\..\..\src\applications\osgearth_heatmap\colorschemes\Greys.c">
      <Filter>Source Files</Filter>
    </ClCompile>
    <ClCompile Include="..\..\..\..\src\applications\osgearth_heatmap\colorschemes\Oranges.c">
      <Filter>Source Files</Filter>
    </ClCompile>
    <ClCompile Include="..\..\..\..\src\applications\osgearth_heatmap\colorschemes\OrRd.c">
      <Filter>Source Files</Filter>
    </ClCompile>
    <ClCompile Include="..\..\..\..\src\applications\osgearth_heatmap\colorschemes\PiYG.c">
      <Filter>Source Files</Filter>
    </ClCompile>
    <ClCompile Include="..\..\..\..\src\applications\osgearth_heatmap\colorschemes\PRGn.c">
      <Filter>Source Files</Filter>
    </ClCompile>
    <ClCompile Include="..\..\..\..\src\applications\osgearth_heatmap\colorschemes\PuBu.c">
      <Filter>Source Files</Filter>
    </ClCompile>
    <ClCompile Include="..\..\..\..\src\applications\osgearth_heatmap\colorschemes\PuBuGn.c">
      <Filter>Source Files</Filter>
    </ClCompile>
    <ClCompile Include="..\..\..\..\src\applications\osgearth_heatmap\colorschemes\PuOr.c">
      <Filter>Source Files</Filter>
    </ClCompile>
    <ClCompile Include="..\..\..\..\src\applications\osgearth_heatmap\colorschemes\PuRd.c">
      <Filter>Source Files</Filter>
    </ClCompile>
    <ClCompile Include="..\..\..\..\src\applications\osgearth_heatmap\colorschemes\Purples.c">
      <Filter>Source Files</Filter>
    </ClCompile>
    <ClCompile Include="..\..\..\..\src\applications\osgearth_heatmap\colorschemes\RdBu.c">
      <Filter>Source Files</Filter>
    </ClCompile>
    <ClCompile Include="..\..\..\..\src\applications\osgearth_heatmap\colorschemes\RdGy.c">
      <Filter>Source Files</Filter>
    </ClCompile>
    <ClCompile Include="..\..\..\..\src\applications\osgearth_heatmap\colorschemes\RdPu.c">
      <Filter>Source Files</Filter>
    </ClCompile>
    <ClCompile Include="..\..\..\..\src\applications\osgearth_heatmap\colorschemes\RdYlBu.c">
      <Filter>Source Files</Filter>
    </ClCompile>
    <ClCompile Include="..\..\..\..\src\applications\osgearth_heatmap\colorschemes\RdYlGn.c">
      <Filter>Source Files</Filter>
    </ClCompile>
    <ClCompile Include="..\..\..\..\src\applications\osgearth_heatmap\colorschemes\Reds.c">
      <Filter>Source Files</Filter>
    </ClCompile>
    <ClCompile Include="..\..\..\..\src\applications\osgearth_heatmap\colorschemes\Spectral.c">
      <Filter>Source Files</Filter>
    </ClCompile>
    <ClCompile Include="..\..\..\..\src\applications\osgearth_heatmap\colorschemes\YlGn.c">
      <Filter>Source Files</Filter>
    </ClCompile>
    <ClCompile Include="..\..\..\..\src\applications\osgearth_heatmap\colorschemes\YlGnBu.c">
      <Filter>Source Files</Filter>
    </ClCompile>
    <ClCompile Include="..\..\..\..\src\applications\osgearth_heatmap\colorschemes\YlOrBr.c">
      <Filter>Source Files</Filter>
    </ClCompile>
    <ClCompile Include="..\..\..\..\src\applications\osgearth_heatmap\colorschemes\YlOrRd.c">
      <Filter>Source Files</Filter>
    </ClCompile>
  </ItemGroup>
  <ItemGroup>
    <ClInclude Include="..\..\..\..\src\applications\osgearth_heatmap\heatmap.h">
      <Filter>Header Files</Filter>
    </ClInclude>
  </ItemGroup>
  <ItemGroup>
    <Filter Include="Header Files">
      <UniqueIdentifier>{82E7045D-9DAE-330D-8718-32B002864A97}</UniqueIdentifier>
    </Filter>
    <Filter Include="Source Files">
      <UniqueIdentifier>{0595F28A-36BD-3194-B6DF-51C44A544A5F}</UniqueIdentifier>
    </Filter>
  </ItemGroup>
</Project>