<?xml version="1.0" encoding="utf-8"?>
<Project ToolsVersion="16.0" xmlns="http://schemas.microsoft.com/developer/msbuild/2003">
  <ItemGroup>
    <ClCompile Include="..\..\..\..\src\osgEarthDrivers\kml\ReaderWriterKML.cpp">
      <Filter>Source Files</Filter>
    </ClCompile>
    <ClCompile Include="..\..\..\..\src\osgEarthDrivers\kml\KMLReader.cpp">
      <Filter>Source Files</Filter>
    </ClCompile>
    <ClCompile Include="..\..\..\..\src\osgEarthDrivers\kml\KML_Document.cpp">
      <Filter>Source Files</Filter>
    </ClCompile>
    <ClCompile Include="..\..\..\..\src\osgEarthDrivers\kml\KML_Feature.cpp">
      <Filter>Source Files</Filter>
    </ClCompile>
    <ClCompile Include="..\..\..\..\src\osgEarthDrivers\kml\KML_Folder.cpp">
      <Filter>Source Files</Filter>
    </ClCompile>
    <ClCompile Include="..\..\..\..\src\osgEarthDrivers\kml\KML_Geometry.cpp">
      <Filter>Source Files</Filter>
    </ClCompile>
    <ClCompile Include="..\..\..\..\src\osgEarthDrivers\kml\KML_GroundOverlay.cpp">
      <Filter>Source Files</Filter>
    </ClCompile>
    <ClCompile Include="..\..\..\..\src\osgEarthDrivers\kml\KML_IconStyle.cpp">
      <Filter>Source Files</Filter>
    </ClCompile>
    <ClCompile Include="..\..\..\..\src\osgEarthDrivers\kml\KML_LabelStyle.cpp">
      <Filter>Source Files</Filter>
    </ClCompile>
    <ClCompile Include="..\..\..\..\src\osgEarthDrivers\kml\KML_LinearRing.cpp">
      <Filter>Source Files</Filter>
    </ClCompile>
    <ClCompile Include="..\..\..\..\src\osgEarthDrivers\kml\KML_LineString.cpp">
      <Filter>Source Files</Filter>
    </ClCompile>
    <ClCompile Include="..\..\..\..\src\osgEarthDrivers\kml\KML_LineStyle.cpp">
      <Filter>Source Files</Filter>
    </ClCompile>
    <ClCompile Include="..\..\..\..\src\osgEarthDrivers\kml\KML_Model.cpp">
      <Filter>Source Files</Filter>
    </ClCompile>
    <ClCompile Include="..\..\..\..\src\osgEarthDrivers\kml\KML_MultiGeometry.cpp">
      <Filter>Source Files</Filter>
    </ClCompile>
    <ClCompile Include="..\..\..\..\src\osgEarthDrivers\kml\KML_NetworkLink.cpp">
      <Filter>Source Files</Filter>
    </ClCompile>
    <ClCompile Include="..\..\..\..\src\osgEarthDrivers\kml\KML_NetworkLinkControl.cpp">
      <Filter>Source Files</Filter>
    </ClCompile>
    <ClCompile Include="..\..\..\..\src\osgEarthDrivers\kml\KML_Object.cpp">
      <Filter>Source Files</Filter>
    </ClCompile>
    <ClCompile Include="..\..\..\..\src\osgEarthDrivers\kml\KML_Overlay.cpp">
      <Filter>Source Files</Filter>
    </ClCompile>
    <ClCompile Include="..\..\..\..\src\osgEarthDrivers\kml\KML_PhotoOverlay.cpp">
      <Filter>Source Files</Filter>
    </ClCompile>
    <ClCompile Include="..\..\..\..\src\osgEarthDrivers\kml\KML_Placemark.cpp">
      <Filter>Source Files</Filter>
    </ClCompile>
    <ClCompile Include="..\..\..\..\src\osgEarthDrivers\kml\KML_Point.cpp">
      <Filter>Source Files</Filter>
    </ClCompile>
    <ClCompile Include="..\..\..\..\src\osgEarthDrivers\kml\KML_Polygon.cpp">
      <Filter>Source Files</Filter>
    </ClCompile>
    <ClCompile Include="..\..\..\..\src\osgEarthDrivers\kml\KML_PolyStyle.cpp">
      <Filter>Source Files</Filter>
    </ClCompile>
    <ClCompile Include="..\..\..\..\src\osgEarthDrivers\kml\KML_Root.cpp">
      <Filter>Source Files</Filter>
    </ClCompile>
    <ClCompile Include="..\..\..\..\src\osgEarthDrivers\kml\KML_Schema.cpp">
      <Filter>Source Files</Filter>
    </ClCompile>
    <ClCompile Include="..\..\..\..\src\osgEarthDrivers\kml\KML_ScreenOverlay.cpp">
      <Filter>Source Files</Filter>
    </ClCompile>
    <ClCompile Include="..\..\..\..\src\osgEarthDrivers\kml\KML_Style.cpp">
      <Filter>Source Files</Filter>
    </ClCompile>
    <ClCompile Include="..\..\..\..\src\osgEarthDrivers\kml\KML_StyleMap.cpp">
      <Filter>Source Files</Filter>
    </ClCompile>
    <ClCompile Include="..\..\..\..\src\osgEarthDrivers\kml\KMZArchive.cpp">
      <Filter>Source Files</Filter>
    </ClCompile>
  </ItemGroup>
  <ItemGroup>
    <ClInclude Include="..\..\..\..\src\osgEarthDrivers\kml\rapidxml_ext.hpp">
      <Filter>Header Files</Filter>
    </ClInclude>
  </ItemGroup>
  <ItemGroup>
    <None Include="..\..\..\..\src\osgEarthDrivers\kml\KML" />
    <None Include="..\..\..\..\src\osgEarthDrivers\kml\KMLOptions" />
    <None Include="..\..\..\..\src\osgEarthDrivers\kml\KMLReader" />
    <None Include="..\..\..\..\src\osgEarthDrivers\kml\KML_Common" />
    <None Include="..\..\..\..\src\osgEarthDrivers\kml\KML_Container" />
    <None Include="..\..\..\..\src\osgEarthDrivers\kml\KML_Document" />
    <None Include="..\..\..\..\src\osgEarthDrivers\kml\KML_Feature" />
    <None Include="..\..\..\..\src\osgEarthDrivers\kml\KML_Folder" />
    <None Include="..\..\..\..\src\osgEarthDrivers\kml\KML_Geometry" />
    <None Include="..\..\..\..\src\osgEarthDrivers\kml\KML_GroundOverlay" />
    <None Include="..\..\..\..\src\osgEarthDrivers\kml\KML_IconStyle" />
    <None Include="..\..\..\..\src\osgEarthDrivers\kml\KML_LabelStyle" />
    <None Include="..\..\..\..\src\osgEarthDrivers\kml\KML_LinearRing" />
    <None Include="..\..\..\..\src\osgEarthDrivers\kml\KML_LineString" />
    <None Include="..\..\..\..\src\osgEarthDrivers\kml\KML_LineStyle" />
    <None Include="..\..\..\..\src\osgEarthDrivers\kml\KML_Model" />
    <None Include="..\..\..\..\src\osgEarthDrivers\kml\KML_MultiGeometry" />
    <None Include="..\..\..\..\src\osgEarthDrivers\kml\KML_NetworkLink" />
    <None Include="..\..\..\..\src\osgEarthDrivers\kml\KML_NetworkLinkControl" />
    <None Include="..\..\..\..\src\osgEarthDrivers\kml\KML_Object" />
    <None Include="..\..\..\..\src\osgEarthDrivers\kml\KML_Overlay" />
    <None Include="..\..\..\..\src\osgEarthDrivers\kml\KML_Placemark" />
    <None Include="..\..\..\..\src\osgEarthDrivers\kml\KML_PhotoOverlay" />
    <None Include="..\..\..\..\src\osgEarthDrivers\kml\KML_Point" />
    <None Include="..\..\..\..\src\osgEarthDrivers\kml\KML_Polygon" />
    <None Include="..\..\..\..\src\osgEarthDrivers\kml\KML_PolyStyle" />
    <None Include="..\..\..\..\src\osgEarthDrivers\kml\KML_Root" />
    <None Include="..\..\..\..\src\osgEarthDrivers\kml\KML_Schema" />
    <None Include="..\..\..\..\src\osgEarthDrivers\kml\KML_ScreenOverlay" />
    <None Include="..\..\..\..\src\osgEarthDrivers\kml\KML_Style" />
    <None Include="..\..\..\..\src\osgEarthDrivers\kml\KML_StyleMap" />
    <None Include="..\..\..\..\src\osgEarthDrivers\kml\KML_StyleSelector" />
    <None Include="..\..\..\..\src\osgEarthDrivers\kml\KMZArchive" />
  </ItemGroup>
  <ItemGroup>
    <Filter Include="Header Files">
      <UniqueIdentifier>{82E7045D-9DAE-330D-8718-32B002864A97}</UniqueIdentifier>
    </Filter>
    <Filter Include="Source Files">
      <UniqueIdentifier>{0595F28A-36BD-3194-B6DF-51C44A544A5F}</UniqueIdentifier>
    </Filter>
  </ItemGroup>
</Project>